// !$*UTF8*$!
{
	archiveVersion = 1;
	classes = {
	};
	objectVersion = 46;
	objects = {

/* Begin PBXBuildFile section */
		28487457EEE119DFD7E8B361 /* libPods-textBookworm.a in Frameworks */ = {isa = PBXBuildFile; fileRef = 89A89487E841AA8125039C0D /* libPods-textBookworm.a */; };
		55154478CD50F4142C17C904 /* libPods-textBookwormTests.a in Frameworks */ = {isa = PBXBuildFile; fileRef = 4B69DEACFDBA7E8A00F15B94 /* libPods-textBookwormTests.a */; };
		8902F08E1DF740FA00A6C688 /* AdSupport.framework in Frameworks */ = {isa = PBXBuildFile; fileRef = 8902F08D1DF740FA00A6C688 /* AdSupport.framework */; };
		894DBAF91DEFB44000989F63 /* ScannedSellingViewController.m in Sources */ = {isa = PBXBuildFile; fileRef = 894DBAF81DEFB44000989F63 /* ScannedSellingViewController.m */; };
		894DBAFC1DEFB47000989F63 /* ManualSellingViewController.m in Sources */ = {isa = PBXBuildFile; fileRef = 894DBAFB1DEFB47000989F63 /* ManualSellingViewController.m */; };
		894DBAFE1DEFC33B00989F63 /* images.png in Resources */ = {isa = PBXBuildFile; fileRef = 894DBAFD1DEFC33B00989F63 /* images.png */; };
		894DBB011DEFC4BB00989F63 /* PendingViewController.m in Sources */ = {isa = PBXBuildFile; fileRef = 894DBB001DEFC4BB00989F63 /* PendingViewController.m */; };
		897A997A1DEF47F5003AB9C9 /* ScannerViewController.m in Sources */ = {isa = PBXBuildFile; fileRef = 897A99791DEF47F5003AB9C9 /* ScannerViewController.m */; };
		897A99801DEF4A40003AB9C9 /* AVFoundation.framework in Frameworks */ = {isa = PBXBuildFile; fileRef = 897A997E1DEF4A40003AB9C9 /* AVFoundation.framework */; };
		897A99811DEF4A40003AB9C9 /* AVKit.framework in Frameworks */ = {isa = PBXBuildFile; fileRef = 897A997F1DEF4A40003AB9C9 /* AVKit.framework */; };
		899403021DECE0CD00740253 /* main.m in Sources */ = {isa = PBXBuildFile; fileRef = 899403011DECE0CD00740253 /* main.m */; };
		899403051DECE0CD00740253 /* AppDelegate.m in Sources */ = {isa = PBXBuildFile; fileRef = 899403041DECE0CD00740253 /* AppDelegate.m */; };
		899403081DECE0CD00740253 /* ViewController.m in Sources */ = {isa = PBXBuildFile; fileRef = 899403071DECE0CD00740253 /* ViewController.m */; };
		8994030B1DECE0CD00740253 /* Main.storyboard in Resources */ = {isa = PBXBuildFile; fileRef = 899403091DECE0CD00740253 /* Main.storyboard */; settings = {ASSET_TAGS = (findmybook, ); }; };
		8994030D1DECE0CD00740253 /* Assets.xcassets in Resources */ = {isa = PBXBuildFile; fileRef = 8994030C1DECE0CD00740253 /* Assets.xcassets */; };
		899403101DECE0CD00740253 /* LaunchScreen.storyboard in Resources */ = {isa = PBXBuildFile; fileRef = 8994030E1DECE0CD00740253 /* LaunchScreen.storyboard */; };
		8994031B1DECE0CD00740253 /* textBookwormTests.m in Sources */ = {isa = PBXBuildFile; fileRef = 8994031A1DECE0CD00740253 /* textBookwormTests.m */; };
		8994032A1DECE49100740253 /* LoginViewController.m in Sources */ = {isa = PBXBuildFile; fileRef = 899403291DECE49000740253 /* LoginViewController.m */; };
		8994032D1DECE61C00740253 /* SignUpViewController.m in Sources */ = {isa = PBXBuildFile; fileRef = 8994032C1DECE61C00740253 /* SignUpViewController.m */; };
		899403301DECEA0E00740253 /* SellingViewController.m in Sources */ = {isa = PBXBuildFile; fileRef = 8994032F1DECEA0E00740253 /* SellingViewController.m */; };
		899403331DECEAAF00740253 /* BuyingViewController.m in Sources */ = {isa = PBXBuildFile; fileRef = 899403321DECEAAF00740253 /* BuyingViewController.m */; };
		89A292981DEF61F2004961D4 /* GoogleService-Info.plist in Resources */ = {isa = PBXBuildFile; fileRef = 89A292971DEF61F2004961D4 /* GoogleService-Info.plist */; };
		89A6AA661DED1FBE005B4DD4 /* Screenshot 2016-11-28 21.29.29.png in Resources */ = {isa = PBXBuildFile; fileRef = 89A6AA651DED1FBE005B4DD4 /* Screenshot 2016-11-28 21.29.29.png */; };
		89AB08011DF52F0D008D6115 /* UploadViewController.m in Sources */ = {isa = PBXBuildFile; fileRef = 89AB08001DF52F0D008D6115 /* UploadViewController.m */; };
		89BBC3AD1DF49F8D00ED4699 /* MTBBarcodeScanner.m in Sources */ = {isa = PBXBuildFile; fileRef = 89BBC3AC1DF49F8D00ED4699 /* MTBBarcodeScanner.m */; };
/* End PBXBuildFile section */

/* Begin PBXContainerItemProxy section */
		899403171DECE0CD00740253 /* PBXContainerItemProxy */ = {
			isa = PBXContainerItemProxy;
			containerPortal = 899402F51DECE0CD00740253 /* Project object */;
			proxyType = 1;
			remoteGlobalIDString = 899402FC1DECE0CD00740253;
			remoteInfo = textBookworm;
		};
/* End PBXContainerItemProxy section */

/* Begin PBXFileReference section */
		28094AC3AC03A8F860BE1BCB /* Pods-textBookwormTests.release.xcconfig */ = {isa = PBXFileReference; includeInIndex = 1; lastKnownFileType = text.xcconfig; name = "Pods-textBookwormTests.release.xcconfig"; path = "Pods/Target Support Files/Pods-textBookwormTests/Pods-textBookwormTests.release.xcconfig"; sourceTree = "<group>"; };
		36418C5469CFE1B1205D0677 /* Pods-textBookwormTests.debug.xcconfig */ = {isa = PBXFileReference; includeInIndex = 1; lastKnownFileType = text.xcconfig; name = "Pods-textBookwormTests.debug.xcconfig"; path = "Pods/Target Support Files/Pods-textBookwormTests/Pods-textBookwormTests.debug.xcconfig"; sourceTree = "<group>"; };
		4B69DEACFDBA7E8A00F15B94 /* libPods-textBookwormTests.a */ = {isa = PBXFileReference; explicitFileType = archive.ar; includeInIndex = 0; path = "libPods-textBookwormTests.a"; sourceTree = BUILT_PRODUCTS_DIR; };
		8902F08D1DF740FA00A6C688 /* AdSupport.framework */ = {isa = PBXFileReference; lastKnownFileType = wrapper.framework; name = AdSupport.framework; path = System/Library/Frameworks/AdSupport.framework; sourceTree = SDKROOT; };
		894DBAF71DEFB44000989F63 /* ScannedSellingViewController.h */ = {isa = PBXFileReference; fileEncoding = 4; lastKnownFileType = sourcecode.c.h; path = ScannedSellingViewController.h; sourceTree = "<group>"; };
		894DBAF81DEFB44000989F63 /* ScannedSellingViewController.m */ = {isa = PBXFileReference; fileEncoding = 4; lastKnownFileType = sourcecode.c.objc; path = ScannedSellingViewController.m; sourceTree = "<group>"; };
		894DBAFA1DEFB47000989F63 /* ManualSellingViewController.h */ = {isa = PBXFileReference; fileEncoding = 4; lastKnownFileType = sourcecode.c.h; path = ManualSellingViewController.h; sourceTree = "<group>"; };
		894DBAFB1DEFB47000989F63 /* ManualSellingViewController.m */ = {isa = PBXFileReference; fileEncoding = 4; lastKnownFileType = sourcecode.c.objc; path = ManualSellingViewController.m; sourceTree = "<group>"; };
		894DBAFD1DEFC33B00989F63 /* images.png */ = {isa = PBXFileReference; lastKnownFileType = image.png; path = images.png; sourceTree = "<group>"; };
		894DBAFF1DEFC4BB00989F63 /* PendingViewController.h */ = {isa = PBXFileReference; fileEncoding = 4; lastKnownFileType = sourcecode.c.h; path = PendingViewController.h; sourceTree = "<group>"; };
		894DBB001DEFC4BB00989F63 /* PendingViewController.m */ = {isa = PBXFileReference; fileEncoding = 4; lastKnownFileType = sourcecode.c.objc; path = PendingViewController.m; sourceTree = "<group>"; };
		897A99781DEF47F5003AB9C9 /* ScannerViewController.h */ = {isa = PBXFileReference; fileEncoding = 4; lastKnownFileType = sourcecode.c.h; path = ScannerViewController.h; sourceTree = "<group>"; };
		897A99791DEF47F5003AB9C9 /* ScannerViewController.m */ = {isa = PBXFileReference; fileEncoding = 4; lastKnownFileType = sourcecode.c.objc; path = ScannerViewController.m; sourceTree = "<group>"; };
		897A997E1DEF4A40003AB9C9 /* AVFoundation.framework */ = {isa = PBXFileReference; lastKnownFileType = wrapper.framework; name = AVFoundation.framework; path = System/Library/Frameworks/AVFoundation.framework; sourceTree = SDKROOT; };
		897A997F1DEF4A40003AB9C9 /* AVKit.framework */ = {isa = PBXFileReference; lastKnownFileType = wrapper.framework; name = AVKit.framework; path = System/Library/Frameworks/AVKit.framework; sourceTree = SDKROOT; };
		899402FD1DECE0CD00740253 /* textBookworm.app */ = {isa = PBXFileReference; explicitFileType = wrapper.application; includeInIndex = 0; path = textBookworm.app; sourceTree = BUILT_PRODUCTS_DIR; };
		899403011DECE0CD00740253 /* main.m */ = {isa = PBXFileReference; lastKnownFileType = sourcecode.c.objc; path = main.m; sourceTree = "<group>"; };
		899403031DECE0CD00740253 /* AppDelegate.h */ = {isa = PBXFileReference; lastKnownFileType = sourcecode.c.h; path = AppDelegate.h; sourceTree = "<group>"; };
		899403041DECE0CD00740253 /* AppDelegate.m */ = {isa = PBXFileReference; lastKnownFileType = sourcecode.c.objc; path = AppDelegate.m; sourceTree = "<group>"; };
		899403061DECE0CD00740253 /* ViewController.h */ = {isa = PBXFileReference; lastKnownFileType = sourcecode.c.h; path = ViewController.h; sourceTree = "<group>"; };
		899403071DECE0CD00740253 /* ViewController.m */ = {isa = PBXFileReference; lastKnownFileType = sourcecode.c.objc; path = ViewController.m; sourceTree = "<group>"; };
		8994030A1DECE0CD00740253 /* Base */ = {isa = PBXFileReference; lastKnownFileType = file.storyboard; name = Base; path = Base.lproj/Main.storyboard; sourceTree = "<group>"; };
		8994030C1DECE0CD00740253 /* Assets.xcassets */ = {isa = PBXFileReference; lastKnownFileType = folder.assetcatalog; path = Assets.xcassets; sourceTree = "<group>"; };
		8994030F1DECE0CD00740253 /* Base */ = {isa = PBXFileReference; lastKnownFileType = file.storyboard; name = Base; path = Base.lproj/LaunchScreen.storyboard; sourceTree = "<group>"; };
		899403111DECE0CD00740253 /* Info.plist */ = {isa = PBXFileReference; lastKnownFileType = text.plist.xml; path = Info.plist; sourceTree = "<group>"; };
		899403161DECE0CD00740253 /* textBookwormTests.xctest */ = {isa = PBXFileReference; explicitFileType = wrapper.cfbundle; includeInIndex = 0; path = textBookwormTests.xctest; sourceTree = BUILT_PRODUCTS_DIR; };
		8994031A1DECE0CD00740253 /* textBookwormTests.m */ = {isa = PBXFileReference; lastKnownFileType = sourcecode.c.objc; path = textBookwormTests.m; sourceTree = "<group>"; };
		8994031C1DECE0CD00740253 /* Info.plist */ = {isa = PBXFileReference; lastKnownFileType = text.plist.xml; path = Info.plist; sourceTree = "<group>"; };
		899403281DECE49000740253 /* LoginViewController.h */ = {isa = PBXFileReference; fileEncoding = 4; lastKnownFileType = sourcecode.c.h; path = LoginViewController.h; sourceTree = "<group>"; };
		899403291DECE49000740253 /* LoginViewController.m */ = {isa = PBXFileReference; fileEncoding = 4; lastKnownFileType = sourcecode.c.objc; path = LoginViewController.m; sourceTree = "<group>"; };
		8994032B1DECE61C00740253 /* SignUpViewController.h */ = {isa = PBXFileReference; fileEncoding = 4; lastKnownFileType = sourcecode.c.h; path = SignUpViewController.h; sourceTree = "<group>"; };
		8994032C1DECE61C00740253 /* SignUpViewController.m */ = {isa = PBXFileReference; fileEncoding = 4; lastKnownFileType = sourcecode.c.objc; path = SignUpViewController.m; sourceTree = "<group>"; };
		8994032E1DECEA0E00740253 /* SellingViewController.h */ = {isa = PBXFileReference; fileEncoding = 4; lastKnownFileType = sourcecode.c.h; path = SellingViewController.h; sourceTree = "<group>"; };
		8994032F1DECEA0E00740253 /* SellingViewController.m */ = {isa = PBXFileReference; fileEncoding = 4; lastKnownFileType = sourcecode.c.objc; path = SellingViewController.m; sourceTree = "<group>"; };
		899403311DECEAAF00740253 /* BuyingViewController.h */ = {isa = PBXFileReference; fileEncoding = 4; lastKnownFileType = sourcecode.c.h; path = BuyingViewController.h; sourceTree = "<group>"; };
		899403321DECEAAF00740253 /* BuyingViewController.m */ = {isa = PBXFileReference; fileEncoding = 4; lastKnownFileType = sourcecode.c.objc; path = BuyingViewController.m; sourceTree = "<group>"; };
		89A292971DEF61F2004961D4 /* GoogleService-Info.plist */ = {isa = PBXFileReference; fileEncoding = 4; lastKnownFileType = text.plist.xml; name = "GoogleService-Info.plist"; path = "../../../Desktop/GoogleService-Info.plist"; sourceTree = "<group>"; };
		89A6AA651DED1FBE005B4DD4 /* Screenshot 2016-11-28 21.29.29.png */ = {isa = PBXFileReference; lastKnownFileType = image.png; name = "Screenshot 2016-11-28 21.29.29.png"; path = "../../../Desktop/Screenshot 2016-11-28 21.29.29.png"; sourceTree = "<group>"; };
		89A89487E841AA8125039C0D /* libPods-textBookworm.a */ = {isa = PBXFileReference; explicitFileType = archive.ar; includeInIndex = 0; path = "libPods-textBookworm.a"; sourceTree = BUILT_PRODUCTS_DIR; };
		89AB07FF1DF52F0D008D6115 /* UploadViewController.h */ = {isa = PBXFileReference; fileEncoding = 4; lastKnownFileType = sourcecode.c.h; path = UploadViewController.h; sourceTree = "<group>"; };
		89AB08001DF52F0D008D6115 /* UploadViewController.m */ = {isa = PBXFileReference; fileEncoding = 4; lastKnownFileType = sourcecode.c.objc; path = UploadViewController.m; sourceTree = "<group>"; };
		89BBC3AB1DF49F8D00ED4699 /* MTBBarcodeScanner.h */ = {isa = PBXFileReference; fileEncoding = 4; lastKnownFileType = sourcecode.c.h; path = MTBBarcodeScanner.h; sourceTree = "<group>"; };
		89BBC3AC1DF49F8D00ED4699 /* MTBBarcodeScanner.m */ = {isa = PBXFileReference; fileEncoding = 4; lastKnownFileType = sourcecode.c.objc; path = MTBBarcodeScanner.m; sourceTree = "<group>"; };
		C3AEE53EF3F7FBC98856F4E3 /* Pods-textBookworm.debug.xcconfig */ = {isa = PBXFileReference; includeInIndex = 1; lastKnownFileType = text.xcconfig; name = "Pods-textBookworm.debug.xcconfig"; path = "Pods/Target Support Files/Pods-textBookworm/Pods-textBookworm.debug.xcconfig"; sourceTree = "<group>"; };
		FA89851FF2B5BADE645300AC /* Pods-textBookworm.release.xcconfig */ = {isa = PBXFileReference; includeInIndex = 1; lastKnownFileType = text.xcconfig; name = "Pods-textBookworm.release.xcconfig"; path = "Pods/Target Support Files/Pods-textBookworm/Pods-textBookworm.release.xcconfig"; sourceTree = "<group>"; };
/* End PBXFileReference section */

/* Begin PBXFrameworksBuildPhase section */
		899402FA1DECE0CD00740253 /* Frameworks */ = {
			isa = PBXFrameworksBuildPhase;
			buildActionMask = 2147483647;
			files = (
				8902F08E1DF740FA00A6C688 /* AdSupport.framework in Frameworks */,
				897A99801DEF4A40003AB9C9 /* AVFoundation.framework in Frameworks */,
				897A99811DEF4A40003AB9C9 /* AVKit.framework in Frameworks */,
				28487457EEE119DFD7E8B361 /* libPods-textBookworm.a in Frameworks */,
			);
			runOnlyForDeploymentPostprocessing = 0;
		};
		899403131DECE0CD00740253 /* Frameworks */ = {
			isa = PBXFrameworksBuildPhase;
			buildActionMask = 2147483647;
			files = (
				55154478CD50F4142C17C904 /* libPods-textBookwormTests.a in Frameworks */,
			);
			runOnlyForDeploymentPostprocessing = 0;
		};
/* End PBXFrameworksBuildPhase section */

/* Begin PBXGroup section */
		22EA3152C190FD281A2513AB /* Frameworks */ = {
			isa = PBXGroup;
			children = (
				8902F08D1DF740FA00A6C688 /* AdSupport.framework */,
				897A997E1DEF4A40003AB9C9 /* AVFoundation.framework */,
				897A997F1DEF4A40003AB9C9 /* AVKit.framework */,
				89A89487E841AA8125039C0D /* libPods-textBookworm.a */,
				4B69DEACFDBA7E8A00F15B94 /* libPods-textBookwormTests.a */,
			);
			name = Frameworks;
			sourceTree = "<group>";
		};
		436465E68ACB55866139A1D1 /* Pods */ = {
			isa = PBXGroup;
			children = (
				C3AEE53EF3F7FBC98856F4E3 /* Pods-textBookworm.debug.xcconfig */,
				FA89851FF2B5BADE645300AC /* Pods-textBookworm.release.xcconfig */,
				36418C5469CFE1B1205D0677 /* Pods-textBookwormTests.debug.xcconfig */,
				28094AC3AC03A8F860BE1BCB /* Pods-textBookwormTests.release.xcconfig */,
			);
			name = Pods;
			sourceTree = "<group>";
		};
		899402F41DECE0CD00740253 = {
			isa = PBXGroup;
			children = (
				899402FF1DECE0CD00740253 /* textBookworm */,
				899403191DECE0CD00740253 /* textBookwormTests */,
				899402FE1DECE0CD00740253 /* Products */,
				22EA3152C190FD281A2513AB /* Frameworks */,
				436465E68ACB55866139A1D1 /* Pods */,
			);
			sourceTree = "<group>";
		};
		899402FE1DECE0CD00740253 /* Products */ = {
			isa = PBXGroup;
			children = (
				899402FD1DECE0CD00740253 /* textBookworm.app */,
				899403161DECE0CD00740253 /* textBookwormTests.xctest */,
			);
			name = Products;
			sourceTree = "<group>";
		};
		899402FF1DECE0CD00740253 /* textBookworm */ = {
			isa = PBXGroup;
			children = (
				894DBAFD1DEFC33B00989F63 /* images.png */,
				89BBC3AB1DF49F8D00ED4699 /* MTBBarcodeScanner.h */,
				89BBC3AC1DF49F8D00ED4699 /* MTBBarcodeScanner.m */,
				899403031DECE0CD00740253 /* AppDelegate.h */,
				899403041DECE0CD00740253 /* AppDelegate.m */,
				899403061DECE0CD00740253 /* ViewController.h */,
				899403071DECE0CD00740253 /* ViewController.m */,
				897A99781DEF47F5003AB9C9 /* ScannerViewController.h */,
				897A99791DEF47F5003AB9C9 /* ScannerViewController.m */,
				899403091DECE0CD00740253 /* Main.storyboard */,
				89A6AA651DED1FBE005B4DD4 /* Screenshot 2016-11-28 21.29.29.png */,
				8994030C1DECE0CD00740253 /* Assets.xcassets */,
				8994030E1DECE0CD00740253 /* LaunchScreen.storyboard */,
				899403111DECE0CD00740253 /* Info.plist */,
				899403011DECE0CD00740253 /* main.m */,
				899403281DECE49000740253 /* LoginViewController.h */,
				899403291DECE49000740253 /* LoginViewController.m */,
				8994032B1DECE61C00740253 /* SignUpViewController.h */,
				8994032C1DECE61C00740253 /* SignUpViewController.m */,
				8994032E1DECEA0E00740253 /* SellingViewController.h */,
				8994032F1DECEA0E00740253 /* SellingViewController.m */,
				899403311DECEAAF00740253 /* BuyingViewController.h */,
				899403321DECEAAF00740253 /* BuyingViewController.m */,
				89AB07FF1DF52F0D008D6115 /* UploadViewController.h */,
				89AB08001DF52F0D008D6115 /* UploadViewController.m */,
				89A292971DEF61F2004961D4 /* GoogleService-Info.plist */,
				894DBAF71DEFB44000989F63 /* ScannedSellingViewController.h */,
				894DBAF81DEFB44000989F63 /* ScannedSellingViewController.m */,
				894DBAFA1DEFB47000989F63 /* ManualSellingViewController.h */,
				894DBAFB1DEFB47000989F63 /* ManualSellingViewController.m */,
				894DBAFF1DEFC4BB00989F63 /* PendingViewController.h */,
				894DBB001DEFC4BB00989F63 /* PendingViewController.m */,
			);
			path = textBookworm;
			sourceTree = "<group>";
		};
		899403191DECE0CD00740253 /* textBookwormTests */ = {
			isa = PBXGroup;
			children = (
				8994031A1DECE0CD00740253 /* textBookwormTests.m */,
				8994031C1DECE0CD00740253 /* Info.plist */,
			);
			path = textBookwormTests;
			sourceTree = "<group>";
		};
/* End PBXGroup section */

/* Begin PBXNativeTarget section */
		899402FC1DECE0CD00740253 /* textBookworm */ = {
			isa = PBXNativeTarget;
			buildConfigurationList = 8994031F1DECE0CD00740253 /* Build configuration list for PBXNativeTarget "textBookworm" */;
			buildPhases = (
				C713BD030CA15D6326974098 /* [CP] Check Pods Manifest.lock */,
				899402F91DECE0CD00740253 /* Sources */,
				899402FA1DECE0CD00740253 /* Frameworks */,
				899402FB1DECE0CD00740253 /* Resources */,
				A5D32D3FFCBB0A943EE46AEF /* [CP] Embed Pods Frameworks */,
				622D950E5ABC1FB08A9192AF /* [CP] Copy Pods Resources */,
			);
			buildRules = (
			);
			dependencies = (
			);
			name = textBookworm;
			productName = textBookworm;
			productReference = 899402FD1DECE0CD00740253 /* textBookworm.app */;
			productType = "com.apple.product-type.application";
		};
		899403151DECE0CD00740253 /* textBookwormTests */ = {
			isa = PBXNativeTarget;
			buildConfigurationList = 899403221DECE0CD00740253 /* Build configuration list for PBXNativeTarget "textBookwormTests" */;
			buildPhases = (
				AE535F49B0A26A22CD25D8AF /* [CP] Check Pods Manifest.lock */,
				899403121DECE0CD00740253 /* Sources */,
				899403131DECE0CD00740253 /* Frameworks */,
				899403141DECE0CD00740253 /* Resources */,
				1892CC65A53CBECDC8DB8F9F /* [CP] Embed Pods Frameworks */,
				4D70646650663D38E85F6819 /* [CP] Copy Pods Resources */,
			);
			buildRules = (
			);
			dependencies = (
				899403181DECE0CD00740253 /* PBXTargetDependency */,
			);
			name = textBookwormTests;
			productName = textBookwormTests;
			productReference = 899403161DECE0CD00740253 /* textBookwormTests.xctest */;
			productType = "com.apple.product-type.bundle.unit-test";
		};
/* End PBXNativeTarget section */

/* Begin PBXProject section */
		899402F51DECE0CD00740253 /* Project object */ = {
			isa = PBXProject;
			attributes = {
				KnownAssetTags = (
					findmybook,
				);
				LastUpgradeCheck = 0820;
				ORGANIZATIONNAME = "Lauren Silberberg";
				TargetAttributes = {
					899402FC1DECE0CD00740253 = {
						CreatedOnToolsVersion = 8.2;
						DevelopmentTeam = 43Z4B23SUU;
						ProvisioningStyle = Automatic;
					};
					899403151DECE0CD00740253 = {
						CreatedOnToolsVersion = 8.2;
						DevelopmentTeam = 43Z4B23SUU;
						ProvisioningStyle = Automatic;
						TestTargetID = 899402FC1DECE0CD00740253;
					};
				};
			};
			buildConfigurationList = 899402F81DECE0CD00740253 /* Build configuration list for PBXProject "textBookworm" */;
			compatibilityVersion = "Xcode 3.2";
			developmentRegion = English;
			hasScannedForEncodings = 0;
			knownRegions = (
				en,
				Base,
			);
			mainGroup = 899402F41DECE0CD00740253;
			productRefGroup = 899402FE1DECE0CD00740253 /* Products */;
			projectDirPath = "";
			projectRoot = "";
			targets = (
				899402FC1DECE0CD00740253 /* textBookworm */,
				899403151DECE0CD00740253 /* textBookwormTests */,
			);
		};
/* End PBXProject section */

/* Begin PBXResourcesBuildPhase section */
		899402FB1DECE0CD00740253 /* Resources */ = {
			isa = PBXResourcesBuildPhase;
			buildActionMask = 2147483647;
			files = (
				899403101DECE0CD00740253 /* LaunchScreen.storyboard in Resources */,
				8994030D1DECE0CD00740253 /* Assets.xcassets in Resources */,
				89A292981DEF61F2004961D4 /* GoogleService-Info.plist in Resources */,
				894DBAFE1DEFC33B00989F63 /* images.png in Resources */,
				8994030B1DECE0CD00740253 /* Main.storyboard in Resources */,
				89A6AA661DED1FBE005B4DD4 /* Screenshot 2016-11-28 21.29.29.png in Resources */,
			);
			runOnlyForDeploymentPostprocessing = 0;
		};
		899403141DECE0CD00740253 /* Resources */ = {
			isa = PBXResourcesBuildPhase;
			buildActionMask = 2147483647;
			files = (
			);
			runOnlyForDeploymentPostprocessing = 0;
		};
/* End PBXResourcesBuildPhase section */

/* Begin PBXShellScriptBuildPhase section */
		1892CC65A53CBECDC8DB8F9F /* [CP] Embed Pods Frameworks */ = {
			isa = PBXShellScriptBuildPhase;
			buildActionMask = 2147483647;
			files = (
			);
			inputPaths = (
			);
			name = "[CP] Embed Pods Frameworks";
			outputPaths = (
			);
			runOnlyForDeploymentPostprocessing = 0;
			shellPath = /bin/sh;
			shellScript = "\"${SRCROOT}/Pods/Target Support Files/Pods-textBookwormTests/Pods-textBookwormTests-frameworks.sh\"\n";
			showEnvVarsInLog = 0;
		};
		4D70646650663D38E85F6819 /* [CP] Copy Pods Resources */ = {
			isa = PBXShellScriptBuildPhase;
			buildActionMask = 2147483647;
			files = (
			);
			inputPaths = (
			);
			name = "[CP] Copy Pods Resources";
			outputPaths = (
			);
			runOnlyForDeploymentPostprocessing = 0;
			shellPath = /bin/sh;
			shellScript = "\"${SRCROOT}/Pods/Target Support Files/Pods-textBookwormTests/Pods-textBookwormTests-resources.sh\"\n";
			showEnvVarsInLog = 0;
		};
		622D950E5ABC1FB08A9192AF /* [CP] Copy Pods Resources */ = {
			isa = PBXShellScriptBuildPhase;
			buildActionMask = 2147483647;
			files = (
			);
			inputPaths = (
			);
			name = "[CP] Copy Pods Resources";
			outputPaths = (
			);
			runOnlyForDeploymentPostprocessing = 0;
			shellPath = /bin/sh;
			shellScript = "\"${SRCROOT}/Pods/Target Support Files/Pods-textBookworm/Pods-textBookworm-resources.sh\"\n";
			showEnvVarsInLog = 0;
		};
		A5D32D3FFCBB0A943EE46AEF /* [CP] Embed Pods Frameworks */ = {
			isa = PBXShellScriptBuildPhase;
			buildActionMask = 2147483647;
			files = (
			);
			inputPaths = (
			);
			name = "[CP] Embed Pods Frameworks";
			outputPaths = (
			);
			runOnlyForDeploymentPostprocessing = 0;
			shellPath = /bin/sh;
			shellScript = "\"${SRCROOT}/Pods/Target Support Files/Pods-textBookworm/Pods-textBookworm-frameworks.sh\"\n";
			showEnvVarsInLog = 0;
		};
		AE535F49B0A26A22CD25D8AF /* [CP] Check Pods Manifest.lock */ = {
			isa = PBXShellScriptBuildPhase;
			buildActionMask = 2147483647;
			files = (
			);
			inputPaths = (
			);
			name = "[CP] Check Pods Manifest.lock";
			outputPaths = (
			);
			runOnlyForDeploymentPostprocessing = 0;
			shellPath = /bin/sh;
			shellScript = "diff \"${PODS_ROOT}/../Podfile.lock\" \"${PODS_ROOT}/Manifest.lock\" > /dev/null\nif [ $? != 0 ] ; then\n    # print error to STDERR\n    echo \"error: The sandbox is not in sync with the Podfile.lock. Run 'pod install' or update your CocoaPods installation.\" >&2\n    exit 1\nfi\n";
			showEnvVarsInLog = 0;
		};
		C713BD030CA15D6326974098 /* [CP] Check Pods Manifest.lock */ = {
			isa = PBXShellScriptBuildPhase;
			buildActionMask = 2147483647;
			files = (
			);
			inputPaths = (
			);
			name = "[CP] Check Pods Manifest.lock";
			outputPaths = (
			);
			runOnlyForDeploymentPostprocessing = 0;
			shellPath = /bin/sh;
			shellScript = "diff \"${PODS_ROOT}/../Podfile.lock\" \"${PODS_ROOT}/Manifest.lock\" > /dev/null\nif [ $? != 0 ] ; then\n    # print error to STDERR\n    echo \"error: The sandbox is not in sync with the Podfile.lock. Run 'pod install' or update your CocoaPods installation.\" >&2\n    exit 1\nfi\n";
			showEnvVarsInLog = 0;
		};
/* End PBXShellScriptBuildPhase section */

/* Begin PBXSourcesBuildPhase section */
		899402F91DECE0CD00740253 /* Sources */ = {
			isa = PBXSourcesBuildPhase;
			buildActionMask = 2147483647;
			files = (
				89AB08011DF52F0D008D6115 /* UploadViewController.m in Sources */,
				894DBAFC1DEFB47000989F63 /* ManualSellingViewController.m in Sources */,
				8994032D1DECE61C00740253 /* SignUpViewController.m in Sources */,
				894DBB011DEFC4BB00989F63 /* PendingViewController.m in Sources */,
				89BBC3AD1DF49F8D00ED4699 /* MTBBarcodeScanner.m in Sources */,
				894DBAF91DEFB44000989F63 /* ScannedSellingViewController.m in Sources */,
				899403301DECEA0E00740253 /* SellingViewController.m in Sources */,
				8994032A1DECE49100740253 /* LoginViewController.m in Sources */,
				899403331DECEAAF00740253 /* BuyingViewController.m in Sources */,
				899403081DECE0CD00740253 /* ViewController.m in Sources */,
				899403051DECE0CD00740253 /* AppDelegate.m in Sources */,
				897A997A1DEF47F5003AB9C9 /* ScannerViewController.m in Sources */,
				899403021DECE0CD00740253 /* main.m in Sources */,
			);
			runOnlyForDeploymentPostprocessing = 0;
		};
		899403121DECE0CD00740253 /* Sources */ = {
			isa = PBXSourcesBuildPhase;
			buildActionMask = 2147483647;
			files = (
				8994031B1DECE0CD00740253 /* textBookwormTests.m in Sources */,
			);
			runOnlyForDeploymentPostprocessing = 0;
		};
/* End PBXSourcesBuildPhase section */

/* Begin PBXTargetDependency section */
		899403181DECE0CD00740253 /* PBXTargetDependency */ = {
			isa = PBXTargetDependency;
			target = 899402FC1DECE0CD00740253 /* textBookworm */;
			targetProxy = 899403171DECE0CD00740253 /* PBXContainerItemProxy */;
		};
/* End PBXTargetDependency section */

/* Begin PBXVariantGroup section */
		899403091DECE0CD00740253 /* Main.storyboard */ = {
			isa = PBXVariantGroup;
			children = (
				8994030A1DECE0CD00740253 /* Base */,
			);
			name = Main.storyboard;
			sourceTree = "<group>";
		};
		8994030E1DECE0CD00740253 /* LaunchScreen.storyboard */ = {
			isa = PBXVariantGroup;
			children = (
				8994030F1DECE0CD00740253 /* Base */,
			);
			name = LaunchScreen.storyboard;
			sourceTree = "<group>";
		};
/* End PBXVariantGroup section */

/* Begin XCBuildConfiguration section */
		8994031D1DECE0CD00740253 /* Debug */ = {
			isa = XCBuildConfiguration;
			buildSettings = {
				ALWAYS_SEARCH_USER_PATHS = NO;
				CLANG_ANALYZER_NONNULL = YES;
				CLANG_CXX_LANGUAGE_STANDARD = "gnu++0x";
				CLANG_CXX_LIBRARY = "libc++";
				CLANG_ENABLE_MODULES = YES;
				CLANG_ENABLE_OBJC_ARC = YES;
				CLANG_WARN_BOOL_CONVERSION = YES;
				CLANG_WARN_CONSTANT_CONVERSION = YES;
				CLANG_WARN_DIRECT_OBJC_ISA_USAGE = YES_ERROR;
				CLANG_WARN_DOCUMENTATION_COMMENTS = YES;
				CLANG_WARN_EMPTY_BODY = YES;
				CLANG_WARN_ENUM_CONVERSION = YES;
				CLANG_WARN_INFINITE_RECURSION = YES;
				CLANG_WARN_INT_CONVERSION = YES;
				CLANG_WARN_OBJC_ROOT_CLASS = YES_ERROR;
				CLANG_WARN_SUSPICIOUS_MOVE = YES;
				CLANG_WARN_UNREACHABLE_CODE = YES;
				CLANG_WARN__DUPLICATE_METHOD_MATCH = YES;
				"CODE_SIGN_IDENTITY[sdk=iphoneos*]" = "iPhone Developer";
				COPY_PHASE_STRIP = NO;
				DEBUG_INFORMATION_FORMAT = dwarf;
				ENABLE_STRICT_OBJC_MSGSEND = YES;
				ENABLE_TESTABILITY = YES;
				GCC_C_LANGUAGE_STANDARD = gnu99;
				GCC_DYNAMIC_NO_PIC = NO;
				GCC_NO_COMMON_BLOCKS = YES;
				GCC_OPTIMIZATION_LEVEL = 0;
				GCC_PREPROCESSOR_DEFINITIONS = (
					"DEBUG=1",
					"$(inherited)",
				);
				GCC_WARN_64_TO_32_BIT_CONVERSION = YES;
				GCC_WARN_ABOUT_RETURN_TYPE = YES_ERROR;
				GCC_WARN_UNDECLARED_SELECTOR = YES;
				GCC_WARN_UNINITIALIZED_AUTOS = YES_AGGRESSIVE;
				GCC_WARN_UNUSED_FUNCTION = YES;
				GCC_WARN_UNUSED_VARIABLE = YES;
				IPHONEOS_DEPLOYMENT_TARGET = 10.2;
				MTL_ENABLE_DEBUG_INFO = YES;
				ONLY_ACTIVE_ARCH = YES;
				SDKROOT = iphoneos;
			};
			name = Debug;
		};
		8994031E1DECE0CD00740253 /* Release */ = {
			isa = XCBuildConfiguration;
			buildSettings = {
				ALWAYS_SEARCH_USER_PATHS = NO;
				CLANG_ANALYZER_NONNULL = YES;
				CLANG_CXX_LANGUAGE_STANDARD = "gnu++0x";
				CLANG_CXX_LIBRARY = "libc++";
				CLANG_ENABLE_MODULES = YES;
				CLANG_ENABLE_OBJC_ARC = YES;
				CLANG_WARN_BOOL_CONVERSION = YES;
				CLANG_WARN_CONSTANT_CONVERSION = YES;
				CLANG_WARN_DIRECT_OBJC_ISA_USAGE = YES_ERROR;
				CLANG_WARN_DOCUMENTATION_COMMENTS = YES;
				CLANG_WARN_EMPTY_BODY = YES;
				CLANG_WARN_ENUM_CONVERSION = YES;
				CLANG_WARN_INFINITE_RECURSION = YES;
				CLANG_WARN_INT_CONVERSION = YES;
				CLANG_WARN_OBJC_ROOT_CLASS = YES_ERROR;
				CLANG_WARN_SUSPICIOUS_MOVE = YES;
				CLANG_WARN_UNREACHABLE_CODE = YES;
				CLANG_WARN__DUPLICATE_METHOD_MATCH = YES;
				"CODE_SIGN_IDENTITY[sdk=iphoneos*]" = "iPhone Developer";
				COPY_PHASE_STRIP = NO;
				DEBUG_INFORMATION_FORMAT = "dwarf-with-dsym";
				ENABLE_NS_ASSERTIONS = NO;
				ENABLE_STRICT_OBJC_MSGSEND = YES;
				GCC_C_LANGUAGE_STANDARD = gnu99;
				GCC_NO_COMMON_BLOCKS = YES;
				GCC_WARN_64_TO_32_BIT_CONVERSION = YES;
				GCC_WARN_ABOUT_RETURN_TYPE = YES_ERROR;
				GCC_WARN_UNDECLARED_SELECTOR = YES;
				GCC_WARN_UNINITIALIZED_AUTOS = YES_AGGRESSIVE;
				GCC_WARN_UNUSED_FUNCTION = YES;
				GCC_WARN_UNUSED_VARIABLE = YES;
				IPHONEOS_DEPLOYMENT_TARGET = 10.2;
				MTL_ENABLE_DEBUG_INFO = NO;
				SDKROOT = iphoneos;
				VALIDATE_PRODUCT = YES;
			};
			name = Release;
		};
		899403201DECE0CD00740253 /* Debug */ = {
			isa = XCBuildConfiguration;
			baseConfigurationReference = C3AEE53EF3F7FBC98856F4E3 /* Pods-textBookworm.debug.xcconfig */;
			buildSettings = {
				ASSETCATALOG_COMPILER_APPICON_NAME = AppIcon;
				DEVELOPMENT_TEAM = 43Z4B23SUU;
				INFOPLIST_FILE = textBookworm/Info.plist;
				IPHONEOS_DEPLOYMENT_TARGET = 10.1;
				LD_RUNPATH_SEARCH_PATHS = "$(inherited) @executable_path/Frameworks";
				LIBRARY_SEARCH_PATHS = "$(inherited)";
				OTHER_LDFLAGS = (
					"$(inherited)",
					"-ObjC",
					"-l\"IQKeyboardManager\"",
					"-l\"c++\"",
					"-l\"icucore\"",
					"-l\"sqlite3\"",
					"-l\"z\"",
					"-framework",
					"\"AddressBook\"",
					"-framework",
					"\"CFNetwork\"",
					"-framework",
					"\"CoreGraphics\"",
					"-framework",
					"\"FirebaseAnalytics\"",
					"-framework",
					"\"FirebaseCore\"",
					"-framework",
					"\"FirebaseDatabase\"",
					"-framework",
					"\"FirebaseInstanceID\"",
					"-framework",
					"\"Foundation\"",
					"-framework",
					"\"GoogleInterchangeUtilities\"",
					"-framework",
					"\"GoogleSymbolUtilities\"",
					"-framework",
					"\"Security\"",
					"-framework",
					"\"StoreKit\"",
					"-framework",
					"\"SystemConfiguration\"",
					"-framework",
					"\"UIKit\"",
				);
				PRODUCT_BUNDLE_IDENTIFIER = com.BookwormSilb.Bookworm;
				PRODUCT_NAME = "$(TARGET_NAME)";
			};
			name = Debug;
		};
		899403211DECE0CD00740253 /* Release */ = {
			isa = XCBuildConfiguration;
			baseConfigurationReference = FA89851FF2B5BADE645300AC /* Pods-textBookworm.release.xcconfig */;
			buildSettings = {
				ASSETCATALOG_COMPILER_APPICON_NAME = AppIcon;
				DEVELOPMENT_TEAM = 43Z4B23SUU;
				INFOPLIST_FILE = textBookworm/Info.plist;
				IPHONEOS_DEPLOYMENT_TARGET = 10.1;
				LD_RUNPATH_SEARCH_PATHS = "$(inherited) @executable_path/Frameworks";
				LIBRARY_SEARCH_PATHS = "$(inherited)";
				OTHER_LDFLAGS = (
					"$(inherited)",
					"-ObjC",
					"-l\"IQKeyboardManager\"",
					"-l\"c++\"",
					"-l\"icucore\"",
					"-l\"sqlite3\"",
					"-l\"z\"",
					"-framework",
					"\"AddressBook\"",
					"-framework",
					"\"CFNetwork\"",
					"-framework",
					"\"CoreGraphics\"",
					"-framework",
					"\"FirebaseAnalytics\"",
					"-framework",
					"\"FirebaseCore\"",
					"-framework",
					"\"FirebaseDatabase\"",
					"-framework",
					"\"FirebaseInstanceID\"",
					"-framework",
					"\"Foundation\"",
					"-framework",
					"\"GoogleInterchangeUtilities\"",
					"-framework",
					"\"GoogleSymbolUtilities\"",
					"-framework",
					"\"Security\"",
					"-framework",
					"\"StoreKit\"",
					"-framework",
					"\"SystemConfiguration\"",
					"-framework",
					"\"UIKit\"",
				);
				PRODUCT_BUNDLE_IDENTIFIER = com.BookwormSilb.Bookworm;
				PRODUCT_NAME = "$(TARGET_NAME)";
			};
			name = Release;
		};
		899403231DECE0CD00740253 /* Debug */ = {
			isa = XCBuildConfiguration;
			baseConfigurationReference = 36418C5469CFE1B1205D0677 /* Pods-textBookwormTests.debug.xcconfig */;
			buildSettings = {
				BUNDLE_LOADER = "$(TEST_HOST)";
				DEVELOPMENT_TEAM = 43Z4B23SUU;
				INFOPLIST_FILE = textBookwormTests/Info.plist;
				LD_RUNPATH_SEARCH_PATHS = "$(inherited) @executable_path/Frameworks @loader_path/Frameworks";
				PRODUCT_BUNDLE_IDENTIFIER = com.TextBookworm.textBookwormTests;
				PRODUCT_NAME = "$(TARGET_NAME)";
				TEST_HOST = "$(BUILT_PRODUCTS_DIR)/textBookworm.app/textBookworm";
			};
			name = Debug;
		};
		899403241DECE0CD00740253 /* Release */ = {
			isa = XCBuildConfiguration;
			baseConfigurationReference = 28094AC3AC03A8F860BE1BCB /* Pods-textBookwormTests.release.xcconfig */;
			buildSettings = {
				BUNDLE_LOADER = "$(TEST_HOST)";
				DEVELOPMENT_TEAM = 43Z4B23SUU;
				INFOPLIST_FILE = textBookwormTests/Info.plist;
				LD_RUNPATH_SEARCH_PATHS = "$(inherited) @executable_path/Frameworks @loader_path/Frameworks";
				PRODUCT_BUNDLE_IDENTIFIER = com.TextBookworm.textBookwormTests;
				PRODUCT_NAME = "$(TARGET_NAME)";
				TEST_HOST = "$(BUILT_PRODUCTS_DIR)/textBookworm.app/textBookworm";
			};
			name = Release;
		};
/* End XCBuildConfiguration section */

/* Begin XCConfigurationList section */
		899402F81DECE0CD00740253 /* Build configuration list for PBXProject "textBookworm" */ = {
			isa = XCConfigurationList;
			buildConfigurations = (
				8994031D1DECE0CD00740253 /* Debug */,
				8994031E1DECE0CD00740253 /* Release */,
			);
			defaultConfigurationIsVisible = 0;
			defaultConfigurationName = Release;
		};
		8994031F1DECE0CD00740253 /* Build configuration list for PBXNativeTarget "textBookworm" */ = {
			isa = XCConfigurationList;
			buildConfigurations = (
				899403201DECE0CD00740253 /* Debug */,
				899403211DECE0CD00740253 /* Release */,
			);
			defaultConfigurationIsVisible = 0;
			defaultConfigurationName = Release;
		};
		899403221DECE0CD00740253 /* Build configuration list for PBXNativeTarget "textBookwormTests" */ = {
			isa = XCConfigurationList;
			buildConfigurations = (
				899403231DECE0CD00740253 /* Debug */,
				899403241DECE0CD00740253 /* Release */,
			);
			defaultConfigurationIsVisible = 0;
			defaultConfigurationName = Release;
		};
/* End XCConfigurationList section */
	};
	rootObject = 899402F51DECE0CD00740253 /* Project object */;
}
